
Microsoft Visual Studio Solution File, Format Version 12.00
# Visual Studio Version 17
VisualStudioVersion = 17.0.31903.59
MinimumVisualStudioVersion = 10.0.40219.1
Project("{FAE04EC0-301F-11D3-BF4B-00C04F79EFBC}") = "SpearPoint.Api", "src\SpearPoint.Api\SpearPoint.Api.csproj", "{EBFE7F20-ED31-08F3-C95D-74171C611D00}"
EndProject
Project("{FAE04EC0-301F-11D3-BF4B-00C04F79EFBC}") = "SpearPoint.Domain", "src\SpearPoint.Domain\SpearPoint.Domain.csproj", "{28B9E630-71A9-8B3F-CD61-1B8C00AABB66}"
EndProject
Project("{FAE04EC0-301F-11D3-BF4B-00C04F79EFBC}") = "SpearPoint.Application", "src\SpearPoint.Application\SpearPoint.Application.csproj", "{667A803F-ED8E-07CD-A1D8-63BBE6E4A53B}"
EndProject
Project("{FAE04EC0-301F-11D3-BF4B-00C04F79EFBC}") = "SpearPoint.Infrastructure", "src\SpearPoint.Infrastructure\SpearPoint.Infrastructure.csproj", "{11DF0280-ED29-196B-A2BF-933BA70F587C}"
EndProject
Project("{2150E333-8FDC-42A3-9474-1A3956D46DE8}") = "tests", "tests", "{02EA681E-C7D8-13C7-8484-4AC65E1B71E8}"
EndProject
Project("{FAE04EC0-301F-11D3-BF4B-00C04F79EFBC}") = "SpearPoint.Contracts", "src\SpearPoint.Contracts\SpearPoint.Contracts.csproj", "{6C856768-5102-410B-BE68-5B6B432CFC58}"
EndProject
Project("{FAE04EC0-301F-11D3-BF4B-00C04F79EFBC}") = "SpearPoint.ContractTests", "tests\SpearPoint.ContractTests\SpearPoint.ContractTests.csproj", "{B22E0FEC-007C-F0EA-F1BB-EC1C6AB1616A}"
EndProject
Project("{FAE04EC0-301F-11D3-BF4B-00C04F79EFBC}") = "SpearPoint.IntegrationsTests", "tests\SpearPoint.IntegrationsTests\SpearPoint.IntegrationsTests.csproj", "{6B5466A6-D165-2893-803B-1A5051B94E68}"
EndProject
Project("{FAE04EC0-301F-11D3-BF4B-00C04F79EFBC}") = "SpearPoint.UnitTests", "tests\SpearPoint.UnitTests\SpearPoint.UnitTests.csproj", "{6A7F7B01-3AC3-06FF-002B-16BFB518E14E}"
EndProject
Global
	GlobalSection(SolutionConfigurationPlatforms) = preSolution
		Debug|Any CPU = Debug|Any CPU
		Release|Any CPU = Release|Any CPU
	EndGlobalSection
	GlobalSection(ProjectConfigurationPlatforms) = postSolution
		{EBFE7F20-ED31-08F3-C95D-74171C611D00}.Debug|Any CPU.ActiveCfg = Debug|Any CPU
		{EBFE7F20-ED31-08F3-C95D-74171C611D00}.Debug|Any CPU.Build.0 = Debug|Any CPU
		{EBFE7F20-ED31-08F3-C95D-74171C611D00}.Release|Any CPU.ActiveCfg = Release|Any CPU
		{EBFE7F20-ED31-08F3-C95D-74171C611D00}.Release|Any CPU.Build.0 = Release|Any CPU
		{28B9E630-71A9-8B3F-CD61-1B8C00AABB66}.Debug|Any CPU.ActiveCfg = Debug|Any CPU
		{28B9E630-71A9-8B3F-CD61-1B8C00AABB66}.Debug|Any CPU.Build.0 = Debug|Any CPU
		{28B9E630-71A9-8B3F-CD61-1B8C00AABB66}.Release|Any CPU.ActiveCfg = Release|Any CPU
		{28B9E630-71A9-8B3F-CD61-1B8C00AABB66}.Release|Any CPU.Build.0 = Release|Any CPU
		{667A803F-ED8E-07CD-A1D8-63BBE6E4A53B}.Debug|Any CPU.ActiveCfg = Debug|Any CPU
		{667A803F-ED8E-07CD-A1D8-63BBE6E4A53B}.Debug|Any CPU.Build.0 = Debug|Any CPU
		{667A803F-ED8E-07CD-A1D8-63BBE6E4A53B}.Release|Any CPU.ActiveCfg = Release|Any CPU
		{667A803F-ED8E-07CD-A1D8-63BBE6E4A53B}.Release|Any CPU.Build.0 = Release|Any CPU
		{11DF0280-ED29-196B-A2BF-933BA70F587C}.Debug|Any CPU.ActiveCfg = Debug|Any CPU
		{11DF0280-ED29-196B-A2BF-933BA70F587C}.Debug|Any CPU.Build.0 = Debug|Any CPU
		{11DF0280-ED29-196B-A2BF-933BA70F587C}.Release|Any CPU.ActiveCfg = Release|Any CPU
		{11DF0280-ED29-196B-A2BF-933BA70F587C}.Release|Any CPU.Build.0 = Release|Any CPU
		{6C856768-5102-410B-BE68-5B6B432CFC58}.Debug|Any CPU.ActiveCfg = Debug|Any CPU
		{6C856768-5102-410B-BE68-5B6B432CFC58}.Debug|Any CPU.Build.0 = Debug|Any CPU
		{6C856768-5102-410B-BE68-5B6B432CFC58}.Release|Any CPU.ActiveCfg = Release|Any CPU
		{6C856768-5102-410B-BE68-5B6B432CFC58}.Release|Any CPU.Build.0 = Release|Any CPU
		{B22E0FEC-007C-F0EA-F1BB-EC1C6AB1616A}.Debug|Any CPU.ActiveCfg = Debug|Any CPU
		{B22E0FEC-007C-F0EA-F1BB-EC1C6AB1616A}.Debug|Any CPU.Build.0 = Debug|Any CPU
		{B22E0FEC-007C-F0EA-F1BB-EC1C6AB1616A}.Release|Any CPU.ActiveCfg = Release|Any CPU
		{B22E0FEC-007C-F0EA-F1BB-EC1C6AB1616A}.Release|Any CPU.Build.0 = Release|Any CPU
		{6B5466A6-D165-2893-803B-1A5051B94E68}.Debug|Any CPU.ActiveCfg = Debug|Any CPU
		{6B5466A6-D165-2893-803B-1A5051B94E68}.Debug|Any CPU.Build.0 = Debug|Any CPU
		{6B5466A6-D165-2893-803B-1A5051B94E68}.Release|Any CPU.ActiveCfg = Release|Any CPU
		{6B5466A6-D165-2893-803B-1A5051B94E68}.Release|Any CPU.Build.0 = Release|Any CPU
		{6A7F7B01-3AC3-06FF-002B-16BFB518E14E}.Debug|Any CPU.ActiveCfg = Debug|Any CPU
		{6A7F7B01-3AC3-06FF-002B-16BFB518E14E}.Debug|Any CPU.Build.0 = Debug|Any CPU
		{6A7F7B01-3AC3-06FF-002B-16BFB518E14E}.Release|Any CPU.ActiveCfg = Release|Any CPU
		{6A7F7B01-3AC3-06FF-002B-16BFB518E14E}.Release|Any CPU.Build.0 = Release|Any CPU
	EndGlobalSection
	GlobalSection(SolutionProperties) = preSolution
		HideSolutionNode = FALSE
	EndGlobalSection
	GlobalSection(NestedProjects) = preSolution
		{B22E0FEC-007C-F0EA-F1BB-EC1C6AB1616A} = {02EA681E-C7D8-13C7-8484-4AC65E1B71E8}
		{6B5466A6-D165-2893-803B-1A5051B94E68} = {02EA681E-C7D8-13C7-8484-4AC65E1B71E8}
		{6A7F7B01-3AC3-06FF-002B-16BFB518E14E} = {02EA681E-C7D8-13C7-8484-4AC65E1B71E8}
	EndGlobalSection
	GlobalSection(ExtensibilityGlobals) = postSolution
		SolutionGuid = {883C6F16-C7B2-4823-835F-71FECD93ACA8}
	EndGlobalSection
EndGlobal
